
Microsoft Visual Studio Solution File, Format Version 12.00
# Visual Studio Version 16
VisualStudioVersion = 16.0.32228.343
MinimumVisualStudioVersion = 10.0.40219.1
Project("{FAE04EC0-301F-11D3-BF4B-00C04F79EFBC}") = "TG", "TG\TG.csproj", "{1E70775C-354B-4B3B-BFD4-025A3017FBCF}"
EndProject
Global
	GlobalSection(SolutionConfigurationPlatforms) = preSolution
		Debug|Any CPU = Debug|Any CPU
		Release|Any CPU = Release|Any CPU
	EndGlobalSection
	GlobalSection(ProjectConfigurationPlatforms) = postSolution
		{1E70775C-354B-4B3B-BFD4-025A3017FBCF}.Debug|Any CPU.ActiveCfg = Debug|Any CPU
		{1E70775C-354B-4B3B-BFD4-025A3017FBCF}.Debug|Any CPU.Build.0 = Debug|Any CPU
		{1E70775C-354B-4B3B-BFD4-025A3017FBCF}.Release|Any CPU.ActiveCfg = Release|Any CPU
		{1E70775C-354B-4B3B-BFD4-025A3017FBCF}.Release|Any CPU.Build.0 = Release|Any CPU
	EndGlobalSection
	GlobalSection(SolutionProperties) = preSolution
		HideSolutionNode = FALSE
	EndGlobalSection
	GlobalSection(ExtensibilityGlobals) = postSolution
		SolutionGuid = {6BD9FB26-B3DF-4918-8838-C5CD635E9F64}
	EndGlobalSection
EndGlobal
